
Microsoft Visual Studio Solution File, Format Version 12.00
# Visual Studio Version 16
VisualStudioVersion = 16.0.30104.148
MinimumVisualStudioVersion = 10.0.40219.1
Project("{FAE04EC0-301F-11D3-BF4B-00C04F79EFBC}") = "BasketballStatSheet.Android", "BasketballStatSheet.Android\BasketballStatSheet.Android.csproj", "{CEC1D7A6-7949-4E98-8D31-930197EC8889}"
EndProject
Project("{FAE04EC0-301F-11D3-BF4B-00C04F79EFBC}") = "BasketballStatSheet.iOS", "BasketballStatSheet.iOS\BasketballStatSheet.iOS.csproj", "{C26665AB-0923-48AB-A7B0-1F80101FFEE4}"
EndProject
Project("{FAE04EC0-301F-11D3-BF4B-00C04F79EFBC}") = "BasketballStatSheet", "BasketballStatSheet\BasketballStatSheet.csproj", "{1BC17CDD-B743-46E3-9E77-78D8FC5CA597}"
EndProject
Global
	GlobalSection(SolutionConfigurationPlatforms) = preSolution
		Debug|Any CPU = Debug|Any CPU
		Debug|iPhone = Debug|iPhone
		Debug|iPhoneSimulator = Debug|iPhoneSimulator
		Release|Any CPU = Release|Any CPU
		Release|iPhone = Release|iPhone
		Release|iPhoneSimulator = Release|iPhoneSimulator
	EndGlobalSection
	GlobalSection(ProjectConfigurationPlatforms) = postSolution
		{CEC1D7A6-7949-4E98-8D31-930197EC8889}.Debug|Any CPU.ActiveCfg = Debug|Any CPU
		{CEC1D7A6-7949-4E98-8D31-930197EC8889}.Debug|Any CPU.Build.0 = Debug|Any CPU
		{CEC1D7A6-7949-4E98-8D31-930197EC8889}.Debug|Any CPU.Deploy.0 = Debug|Any CPU
		{CEC1D7A6-7949-4E98-8D31-930197EC8889}.Debug|iPhone.ActiveCfg = Debug|Any CPU
		{CEC1D7A6-7949-4E98-8D31-930197EC8889}.Debug|iPhone.Build.0 = Debug|Any CPU
		{CEC1D7A6-7949-4E98-8D31-930197EC8889}.Debug|iPhone.Deploy.0 = Debug|Any CPU
		{CEC1D7A6-7949-4E98-8D31-930197EC8889}.Debug|iPhoneSimulator.ActiveCfg = Debug|Any CPU
		{CEC1D7A6-7949-4E98-8D31-930197EC8889}.Debug|iPhoneSimulator.Build.0 = Debug|Any CPU
		{CEC1D7A6-7949-4E98-8D31-930197EC8889}.Debug|iPhoneSimulator.Deploy.0 = Debug|Any CPU
		{CEC1D7A6-7949-4E98-8D31-930197EC8889}.Release|Any CPU.ActiveCfg = Release|Any CPU
		{CEC1D7A6-7949-4E98-8D31-930197EC8889}.Release|Any CPU.Build.0 = Release|Any CPU
		{CEC1D7A6-7949-4E98-8D31-930197EC8889}.Release|Any CPU.Deploy.0 = Release|Any CPU
		{CEC1D7A6-7949-4E98-8D31-930197EC8889}.Release|iPhone.ActiveCfg = Release|Any CPU
		{CEC1D7A6-7949-4E98-8D31-930197EC8889}.Release|iPhone.Build.0 = Release|Any CPU
		{CEC1D7A6-7949-4E98-8D31-930197EC8889}.Release|iPhone.Deploy.0 = Release|Any CPU
		{CEC1D7A6-7949-4E98-8D31-930197EC8889}.Release|iPhoneSimulator.ActiveCfg = Release|Any CPU
		{CEC1D7A6-7949-4E98-8D31-930197EC8889}.Release|iPhoneSimulator.Build.0 = Release|Any CPU
		{CEC1D7A6-7949-4E98-8D31-930197EC8889}.Release|iPhoneSimulator.Deploy.0 = Release|Any CPU
		{C26665AB-0923-48AB-A7B0-1F80101FFEE4}.Debug|Any CPU.ActiveCfg = Debug|iPhone
		{C26665AB-0923-48AB-A7B0-1F80101FFEE4}.Debug|Any CPU.Build.0 = Debug|iPhone
		{C26665AB-0923-48AB-A7B0-1F80101FFEE4}.Debug|Any CPU.Deploy.0 = Debug|iPhone
		{C26665AB-0923-48AB-A7B0-1F80101FFEE4}.Debug|iPhone.ActiveCfg = Debug|iPhone
		{C26665AB-0923-48AB-A7B0-1F80101FFEE4}.Debug|iPhone.Build.0 = Debug|iPhone
		{C26665AB-0923-48AB-A7B0-1F80101FFEE4}.Debug|iPhone.Deploy.0 = Debug|iPhone
		{C26665AB-0923-48AB-A7B0-1F80101FFEE4}.Debug|iPhoneSimulator.ActiveCfg = Debug|iPhoneSimulator
		{C26665AB-0923-48AB-A7B0-1F80101FFEE4}.Debug|iPhoneSimulator.Build.0 = Debug|iPhoneSimulator
		{C26665AB-0923-48AB-A7B0-1F80101FFEE4}.Debug|iPhoneSimulator.Deploy.0 = Debug|iPhoneSimulator
		{C26665AB-0923-48AB-A7B0-1F80101FFEE4}.Release|Any CPU.ActiveCfg = Release|iPhone
		{C26665AB-0923-48AB-A7B0-1F80101FFEE4}.Release|Any CPU.Build.0 = Release|iPhone
		{C26665AB-0923-48AB-A7B0-1F80101FFEE4}.Release|Any CPU.Deploy.0 = Release|iPhone
		{C26665AB-0923-48AB-A7B0-1F80101FFEE4}.Release|iPhone.ActiveCfg = Release|iPhone
		{C26665AB-0923-48AB-A7B0-1F80101FFEE4}.Release|iPhone.Build.0 = Release|iPhone
		{C26665AB-0923-48AB-A7B0-1F80101FFEE4}.Release|iPhone.Deploy.0 = Release|iPhone
		{C26665AB-0923-48AB-A7B0-1F80101FFEE4}.Release|iPhoneSimulator.ActiveCfg = Release|iPhoneSimulator
		{C26665AB-0923-48AB-A7B0-1F80101FFEE4}.Release|iPhoneSimulator.Build.0 = Release|iPhoneSimulator
		{C26665AB-0923-48AB-A7B0-1F80101FFEE4}.Release|iPhoneSimulator.Deploy.0 = Release|iPhoneSimulator
		{1BC17CDD-B743-46E3-9E77-78D8FC5CA597}.Debug|Any CPU.ActiveCfg = Debug|Any CPU
		{1BC17CDD-B743-46E3-9E77-78D8FC5CA597}.Debug|Any CPU.Build.0 = Debug|Any CPU
		{1BC17CDD-B743-46E3-9E77-78D8FC5CA597}.Debug|Any CPU.Deploy.0 = Debug|Any CPU
		{1BC17CDD-B743-46E3-9E77-78D8FC5CA597}.Debug|iPhone.ActiveCfg = Debug|Any CPU
		{1BC17CDD-B743-46E3-9E77-78D8FC5CA597}.Debug|iPhone.Build.0 = Debug|Any CPU
		{1BC17CDD-B743-46E3-9E77-78D8FC5CA597}.Debug|iPhone.Deploy.0 = Debug|Any CPU
		{1BC17CDD-B743-46E3-9E77-78D8FC5CA597}.Debug|iPhoneSimulator.ActiveCfg = Debug|Any CPU
		{1BC17CDD-B743-46E3-9E77-78D8FC5CA597}.Debug|iPhoneSimulator.Build.0 = Debug|Any CPU
		{1BC17CDD-B743-46E3-9E77-78D8FC5CA597}.Debug|iPhoneSimulator.Deploy.0 = Debug|Any CPU
		{1BC17CDD-B743-46E3-9E77-78D8FC5CA597}.Release|Any CPU.ActiveCfg = Release|Any CPU
		{1BC17CDD-B743-46E3-9E77-78D8FC5CA597}.Release|Any CPU.Build.0 = Release|Any CPU
		{1BC17CDD-B743-46E3-9E77-78D8FC5CA597}.Release|Any CPU.Deploy.0 = Release|Any CPU
		{1BC17CDD-B743-46E3-9E77-78D8FC5CA597}.Release|iPhone.ActiveCfg = Release|Any CPU
		{1BC17CDD-B743-46E3-9E77-78D8FC5CA597}.Release|iPhone.Build.0 = Release|Any CPU
		{1BC17CDD-B743-46E3-9E77-78D8FC5CA597}.Release|iPhone.Deploy.0 = Release|Any CPU
		{1BC17CDD-B743-46E3-9E77-78D8FC5CA597}.Release|iPhoneSimulator.ActiveCfg = Release|Any CPU
		{1BC17CDD-B743-46E3-9E77-78D8FC5CA597}.Release|iPhoneSimulator.Build.0 = Release|Any CPU
		{1BC17CDD-B743-46E3-9E77-78D8FC5CA597}.Release|iPhoneSimulator.Deploy.0 = Release|Any CPU
	EndGlobalSection
	GlobalSection(SolutionProperties) = preSolution
		HideSolutionNode = FALSE
	EndGlobalSection
	GlobalSection(ExtensibilityGlobals) = postSolution
		SolutionGuid = {4C1DE008-266B-4E69-B54E-575F70CB6D24}
	EndGlobalSection
EndGlobal
